
Microsoft Visual Studio Solution File, Format Version 12.00
# Visual Studio Version 16
VisualStudioVersion = 16.0.28803.202
MinimumVisualStudioVersion = 10.0.40219.1
Project("{9A19103F-16F7-4668-BE54-9A1E7A4F7556}") = "SimpleForum", "SimpleForum\SimpleForum.csproj", "{0394061F-03DB-480C-AA95-F3DEF548CCE8}"
EndProject
Project("{9A19103F-16F7-4668-BE54-9A1E7A4F7556}") = "SimpleForum.Data", "SimpleForum.Data\SimpleForum.Data.csproj", "{09C870C6-874A-4C7E-9A33-40C2F8652E3C}"
EndProject
Project("{9A19103F-16F7-4668-BE54-9A1E7A4F7556}") = "SimpleForum.Services", "SimpleForum.Services\SimpleForum.Services.csproj", "{5F24F9EB-4115-4B2D-8BB3-BDC87F16DC67}"
EndProject
Global
	GlobalSection(SolutionConfigurationPlatforms) = preSolution
		Debug|Any CPU = Debug|Any CPU
		Release|Any CPU = Release|Any CPU
	EndGlobalSection
	GlobalSection(ProjectConfigurationPlatforms) = postSolution
		{0394061F-03DB-480C-AA95-F3DEF548CCE8}.Debug|Any CPU.ActiveCfg = Debug|Any CPU
		{0394061F-03DB-480C-AA95-F3DEF548CCE8}.Debug|Any CPU.Build.0 = Debug|Any CPU
		{0394061F-03DB-480C-AA95-F3DEF548CCE8}.Release|Any CPU.ActiveCfg = Release|Any CPU
		{0394061F-03DB-480C-AA95-F3DEF548CCE8}.Release|Any CPU.Build.0 = Release|Any CPU
		{09C870C6-874A-4C7E-9A33-40C2F8652E3C}.Debug|Any CPU.ActiveCfg = Debug|Any CPU
		{09C870C6-874A-4C7E-9A33-40C2F8652E3C}.Debug|Any CPU.Build.0 = Debug|Any CPU
		{09C870C6-874A-4C7E-9A33-40C2F8652E3C}.Release|Any CPU.ActiveCfg = Release|Any CPU
		{09C870C6-874A-4C7E-9A33-40C2F8652E3C}.Release|Any CPU.Build.0 = Release|Any CPU
		{5F24F9EB-4115-4B2D-8BB3-BDC87F16DC67}.Debug|Any CPU.ActiveCfg = Debug|Any CPU
		{5F24F9EB-4115-4B2D-8BB3-BDC87F16DC67}.Debug|Any CPU.Build.0 = Debug|Any CPU
		{5F24F9EB-4115-4B2D-8BB3-BDC87F16DC67}.Release|Any CPU.ActiveCfg = Release|Any CPU
		{5F24F9EB-4115-4B2D-8BB3-BDC87F16DC67}.Release|Any CPU.Build.0 = Release|Any CPU
	EndGlobalSection
	GlobalSection(SolutionProperties) = preSolution
		HideSolutionNode = FALSE
	EndGlobalSection
	GlobalSection(ExtensibilityGlobals) = postSolution
		SolutionGuid = {11FD94C1-AE94-4D3F-A999-2AA5E3F60C36}
	EndGlobalSection
EndGlobal
